<Solution>
  <Project Path="ProductAPI.UnitTests/ProductAPI.UnitTests.csproj" Id="d3d92bd9-a43b-420f-8ce3-6f014c11660a" />
  <Project Path="ProductsAPI.AppHost/ProductsAPI.AppHost.csproj" />
  <Project Path="ProductsAPI.Application/ProductsAPI.Application.csproj" />
  <Project Path="ProductsAPI.Domain/ProductsAPI.Domain.csproj" />
  <Project Path="ProductsAPI.Infrastructure/ProductsAPI.Infrastructure.csproj" />
  <Project Path="ProductsAPI.ServiceDefaults/ProductsAPI.ServiceDefaults.csproj" />
  <Project Path="ProductsAPI/ProductsAPI.API.csproj" />
</Solution>
